
Microsoft Visual Studio Solution File, Format Version 11.00
# Visual Studio 2010
Project("{FAE04EC0-301F-11D3-BF4B-00C04F79EFBC}") = "TimberMill.Domain", "Source\TimberMill.Domain\TimberMill.Domain.csproj", "{C2F31AB3-EC6D-4B91-A256-FCB43EADDAFC}"
EndProject
Project("{FAE04EC0-301F-11D3-BF4B-00C04F79EFBC}") = "TimberMill.Data", "Source\TimberMill.Data\TimberMill.Data.csproj", "{19005E8D-AF29-4A26-B176-4CD6B31481BC}"
EndProject
Project("{FAE04EC0-301F-11D3-BF4B-00C04F79EFBC}") = "TimberMill.Web", "Source\TimberMill.Web\TimberMill.Web.csproj", "{BC9E820F-DC12-4281-AA9B-0A58D2FAB6D9}"
EndProject
Project("{FAE04EC0-301F-11D3-BF4B-00C04F79EFBC}") = "ConsoleAppTester", "Source\ConsoleAppTester\ConsoleAppTester.csproj", "{A949E51D-4BF2-4E7B-AABA-02FADC19DC2B}"
EndProject
Project("{FAE04EC0-301F-11D3-BF4B-00C04F79EFBC}") = "TimberMill.Tests", "Source\TimberMill.Tests\TimberMill.Tests.csproj", "{C0EF7BCE-7EBF-44AA-9DCB-7BCF5DCA1EE8}"
EndProject
Global
	GlobalSection(SolutionConfigurationPlatforms) = preSolution
		Debug|Any CPU = Debug|Any CPU
		Debug|Mixed Platforms = Debug|Mixed Platforms
		Debug|x86 = Debug|x86
		Release|Any CPU = Release|Any CPU
		Release|Mixed Platforms = Release|Mixed Platforms
		Release|x86 = Release|x86
	EndGlobalSection
	GlobalSection(ProjectConfigurationPlatforms) = postSolution
		{C2F31AB3-EC6D-4B91-A256-FCB43EADDAFC}.Debug|Any CPU.ActiveCfg = Debug|Any CPU
		{C2F31AB3-EC6D-4B91-A256-FCB43EADDAFC}.Debug|Any CPU.Build.0 = Debug|Any CPU
		{C2F31AB3-EC6D-4B91-A256-FCB43EADDAFC}.Debug|Mixed Platforms.ActiveCfg = Debug|Any CPU
		{C2F31AB3-EC6D-4B91-A256-FCB43EADDAFC}.Debug|Mixed Platforms.Build.0 = Debug|Any CPU
		{C2F31AB3-EC6D-4B91-A256-FCB43EADDAFC}.Debug|x86.ActiveCfg = Debug|Any CPU
		{C2F31AB3-EC6D-4B91-A256-FCB43EADDAFC}.Release|Any CPU.ActiveCfg = Release|Any CPU
		{C2F31AB3-EC6D-4B91-A256-FCB43EADDAFC}.Release|Any CPU.Build.0 = Release|Any CPU
		{C2F31AB3-EC6D-4B91-A256-FCB43EADDAFC}.Release|Mixed Platforms.ActiveCfg = Release|Any CPU
		{C2F31AB3-EC6D-4B91-A256-FCB43EADDAFC}.Release|Mixed Platforms.Build.0 = Release|Any CPU
		{C2F31AB3-EC6D-4B91-A256-FCB43EADDAFC}.Release|x86.ActiveCfg = Release|Any CPU
		{19005E8D-AF29-4A26-B176-4CD6B31481BC}.Debug|Any CPU.ActiveCfg = Debug|Any CPU
		{19005E8D-AF29-4A26-B176-4CD6B31481BC}.Debug|Any CPU.Build.0 = Debug|Any CPU
		{19005E8D-AF29-4A26-B176-4CD6B31481BC}.Debug|Mixed Platforms.ActiveCfg = Debug|Any CPU
		{19005E8D-AF29-4A26-B176-4CD6B31481BC}.Debug|Mixed Platforms.Build.0 = Debug|Any CPU
		{19005E8D-AF29-4A26-B176-4CD6B31481BC}.Debug|x86.ActiveCfg = Debug|Any CPU
		{19005E8D-AF29-4A26-B176-4CD6B31481BC}.Release|Any CPU.ActiveCfg = Release|Any CPU
		{19005E8D-AF29-4A26-B176-4CD6B31481BC}.Release|Any CPU.Build.0 = Release|Any CPU
		{19005E8D-AF29-4A26-B176-4CD6B31481BC}.Release|Mixed Platforms.ActiveCfg = Release|Any CPU
		{19005E8D-AF29-4A26-B176-4CD6B31481BC}.Release|Mixed Platforms.Build.0 = Release|Any CPU
		{19005E8D-AF29-4A26-B176-4CD6B31481BC}.Release|x86.ActiveCfg = Release|Any CPU
		{BC9E820F-DC12-4281-AA9B-0A58D2FAB6D9}.Debug|Any CPU.ActiveCfg = Debug|Any CPU
		{BC9E820F-DC12-4281-AA9B-0A58D2FAB6D9}.Debug|Any CPU.Build.0 = Debug|Any CPU
		{BC9E820F-DC12-4281-AA9B-0A58D2FAB6D9}.Debug|Mixed Platforms.ActiveCfg = Debug|Any CPU
		{BC9E820F-DC12-4281-AA9B-0A58D2FAB6D9}.Debug|Mixed Platforms.Build.0 = Debug|Any CPU
		{BC9E820F-DC12-4281-AA9B-0A58D2FAB6D9}.Debug|x86.ActiveCfg = Debug|Any CPU
		{BC9E820F-DC12-4281-AA9B-0A58D2FAB6D9}.Release|Any CPU.ActiveCfg = Release|Any CPU
		{BC9E820F-DC12-4281-AA9B-0A58D2FAB6D9}.Release|Any CPU.Build.0 = Release|Any CPU
		{BC9E820F-DC12-4281-AA9B-0A58D2FAB6D9}.Release|Mixed Platforms.ActiveCfg = Release|Any CPU
		{BC9E820F-DC12-4281-AA9B-0A58D2FAB6D9}.Release|Mixed Platforms.Build.0 = Release|Any CPU
		{BC9E820F-DC12-4281-AA9B-0A58D2FAB6D9}.Release|x86.ActiveCfg = Release|Any CPU
		{A949E51D-4BF2-4E7B-AABA-02FADC19DC2B}.Debug|Any CPU.ActiveCfg = Debug|x86
		{A949E51D-4BF2-4E7B-AABA-02FADC19DC2B}.Debug|Mixed Platforms.ActiveCfg = Debug|x86
		{A949E51D-4BF2-4E7B-AABA-02FADC19DC2B}.Debug|Mixed Platforms.Build.0 = Debug|x86
		{A949E51D-4BF2-4E7B-AABA-02FADC19DC2B}.Debug|x86.ActiveCfg = Debug|x86
		{A949E51D-4BF2-4E7B-AABA-02FADC19DC2B}.Debug|x86.Build.0 = Debug|x86
		{A949E51D-4BF2-4E7B-AABA-02FADC19DC2B}.Release|Any CPU.ActiveCfg = Release|x86
		{A949E51D-4BF2-4E7B-AABA-02FADC19DC2B}.Release|Mixed Platforms.ActiveCfg = Release|x86
		{A949E51D-4BF2-4E7B-AABA-02FADC19DC2B}.Release|Mixed Platforms.Build.0 = Release|x86
		{A949E51D-4BF2-4E7B-AABA-02FADC19DC2B}.Release|x86.ActiveCfg = Release|x86
		{A949E51D-4BF2-4E7B-AABA-02FADC19DC2B}.Release|x86.Build.0 = Release|x86
		{C0EF7BCE-7EBF-44AA-9DCB-7BCF5DCA1EE8}.Debug|Any CPU.ActiveCfg = Debug|Any CPU
		{C0EF7BCE-7EBF-44AA-9DCB-7BCF5DCA1EE8}.Debug|Any CPU.Build.0 = Debug|Any CPU
		{C0EF7BCE-7EBF-44AA-9DCB-7BCF5DCA1EE8}.Debug|Mixed Platforms.ActiveCfg = Debug|Any CPU
		{C0EF7BCE-7EBF-44AA-9DCB-7BCF5DCA1EE8}.Debug|Mixed Platforms.Build.0 = Debug|Any CPU
		{C0EF7BCE-7EBF-44AA-9DCB-7BCF5DCA1EE8}.Debug|x86.ActiveCfg = Debug|Any CPU
		{C0EF7BCE-7EBF-44AA-9DCB-7BCF5DCA1EE8}.Release|Any CPU.ActiveCfg = Release|Any CPU
		{C0EF7BCE-7EBF-44AA-9DCB-7BCF5DCA1EE8}.Release|Any CPU.Build.0 = Release|Any CPU
		{C0EF7BCE-7EBF-44AA-9DCB-7BCF5DCA1EE8}.Release|Mixed Platforms.ActiveCfg = Release|Any CPU
		{C0EF7BCE-7EBF-44AA-9DCB-7BCF5DCA1EE8}.Release|Mixed Platforms.Build.0 = Release|Any CPU
		{C0EF7BCE-7EBF-44AA-9DCB-7BCF5DCA1EE8}.Release|x86.ActiveCfg = Release|Any CPU
	EndGlobalSection
	GlobalSection(SolutionProperties) = preSolution
		HideSolutionNode = FALSE
	EndGlobalSection
EndGlobal
